
Microsoft Visual Studio Solution File, Format Version 12.00
# Visual Studio 15
VisualStudioVersion = 15.0.27004.2010
MinimumVisualStudioVersion = 10.0.40219.1
Project("{FAE04EC0-301F-11D3-BF4B-00C04F79EFBC}") = "CandyStore.Client", "CandyStore.Client\CandyStore.Client.csproj", "{68FF838F-C3D7-457E-8542-DCDF915ABAA8}"
	ProjectSection(ProjectDependencies) = postProject
		{4025CCC4-33FD-4E31-AD42-89522A97157C} = {4025CCC4-33FD-4E31-AD42-89522A97157C}
	EndProjectSection
EndProject
Project("{FAE04EC0-301F-11D3-BF4B-00C04F79EFBC}") = "CandyStore.DataModel", "CandyStore.DataModel\CandyStore.DataModel.csproj", "{74A636A6-1A89-4BC5-853C-222C87CE3BC5}"
EndProject
Project("{FAE04EC0-301F-11D3-BF4B-00C04F79EFBC}") = "Orders.WebServices", "Orders.WebServices\Orders.WebServices.csproj", "{4025CCC4-33FD-4E31-AD42-89522A97157C}"
EndProject
Project("{FAE04EC0-301F-11D3-BF4B-00C04F79EFBC}") = "Orders.DataModel", "Orders.DataModel\Orders.DataModel.csproj", "{045679ED-89C0-4DC5-BFCD-F10C4AF90C08}"
EndProject
Project("{FAE04EC0-301F-11D3-BF4B-00C04F79EFBC}") = "Orders.Infrastructure", "Orders.Infrastructure\Orders.Infrastructure.csproj", "{613CF805-A007-48AF-87E5-1D0FF495D0F7}"
EndProject
Global
	GlobalSection(SolutionConfigurationPlatforms) = preSolution
		Debug|Any CPU = Debug|Any CPU
		Release|Any CPU = Release|Any CPU
	EndGlobalSection
	GlobalSection(ProjectConfigurationPlatforms) = postSolution
		{68FF838F-C3D7-457E-8542-DCDF915ABAA8}.Debug|Any CPU.ActiveCfg = Debug|Any CPU
		{68FF838F-C3D7-457E-8542-DCDF915ABAA8}.Debug|Any CPU.Build.0 = Debug|Any CPU
		{68FF838F-C3D7-457E-8542-DCDF915ABAA8}.Release|Any CPU.ActiveCfg = Release|Any CPU
		{68FF838F-C3D7-457E-8542-DCDF915ABAA8}.Release|Any CPU.Build.0 = Release|Any CPU
		{74A636A6-1A89-4BC5-853C-222C87CE3BC5}.Debug|Any CPU.ActiveCfg = Debug|Any CPU
		{74A636A6-1A89-4BC5-853C-222C87CE3BC5}.Debug|Any CPU.Build.0 = Debug|Any CPU
		{74A636A6-1A89-4BC5-853C-222C87CE3BC5}.Release|Any CPU.ActiveCfg = Release|Any CPU
		{74A636A6-1A89-4BC5-853C-222C87CE3BC5}.Release|Any CPU.Build.0 = Release|Any CPU
		{4025CCC4-33FD-4E31-AD42-89522A97157C}.Debug|Any CPU.ActiveCfg = Debug|Any CPU
		{4025CCC4-33FD-4E31-AD42-89522A97157C}.Debug|Any CPU.Build.0 = Debug|Any CPU
		{4025CCC4-33FD-4E31-AD42-89522A97157C}.Release|Any CPU.ActiveCfg = Release|Any CPU
		{4025CCC4-33FD-4E31-AD42-89522A97157C}.Release|Any CPU.Build.0 = Release|Any CPU
		{045679ED-89C0-4DC5-BFCD-F10C4AF90C08}.Debug|Any CPU.ActiveCfg = Debug|Any CPU
		{045679ED-89C0-4DC5-BFCD-F10C4AF90C08}.Debug|Any CPU.Build.0 = Debug|Any CPU
		{045679ED-89C0-4DC5-BFCD-F10C4AF90C08}.Release|Any CPU.ActiveCfg = Release|Any CPU
		{045679ED-89C0-4DC5-BFCD-F10C4AF90C08}.Release|Any CPU.Build.0 = Release|Any CPU
		{613CF805-A007-48AF-87E5-1D0FF495D0F7}.Debug|Any CPU.ActiveCfg = Debug|Any CPU
		{613CF805-A007-48AF-87E5-1D0FF495D0F7}.Debug|Any CPU.Build.0 = Debug|Any CPU
		{613CF805-A007-48AF-87E5-1D0FF495D0F7}.Release|Any CPU.ActiveCfg = Release|Any CPU
		{613CF805-A007-48AF-87E5-1D0FF495D0F7}.Release|Any CPU.Build.0 = Release|Any CPU
	EndGlobalSection
	GlobalSection(SolutionProperties) = preSolution
		HideSolutionNode = FALSE
	EndGlobalSection
	GlobalSection(ExtensibilityGlobals) = postSolution
		SolutionGuid = {22555BE7-3FCD-4F5B-A800-B43D865657C5}
	EndGlobalSection
EndGlobal
